
Microsoft Visual Studio Solution File, Format Version 12.00
# Visual Studio Version 17
VisualStudioVersion = 17.8.34525.116
MinimumVisualStudioVersion = 10.0.40219.1
Project("{9A19103F-16F7-4668-BE54-9A1E7A4F7556}") = "PasswordBasedAuthLogon", "PasswordBasedAuthLogon.csproj", "{4B283065-38E3-46AE-BD0D-336C06210A97}"
EndProject
Project("{2150E333-8FDC-42A3-9474-1A3956D46DE8}") = "Solution Items", "Solution Items", "{02D714AA-788C-4BE9-802B-6AEF05007E22}"
	ProjectSection(SolutionItems) = preProject
		BartenderManager.cs = BartenderManager.cs
		CommandManager.cs = CommandManager.cs
	EndProjectSection
EndProject
Global
	GlobalSection(SolutionConfigurationPlatforms) = preSolution
		Debug|Any CPU = Debug|Any CPU
		Release|Any CPU = Release|Any CPU
	EndGlobalSection
	GlobalSection(ProjectConfigurationPlatforms) = postSolution
		{4B283065-38E3-46AE-BD0D-336C06210A97}.Debug|Any CPU.ActiveCfg = Debug|Any CPU
		{4B283065-38E3-46AE-BD0D-336C06210A97}.Debug|Any CPU.Build.0 = Debug|Any CPU
		{4B283065-38E3-46AE-BD0D-336C06210A97}.Release|Any CPU.ActiveCfg = Release|Any CPU
		{4B283065-38E3-46AE-BD0D-336C06210A97}.Release|Any CPU.Build.0 = Release|Any CPU
	EndGlobalSection
	GlobalSection(SolutionProperties) = preSolution
		HideSolutionNode = FALSE
	EndGlobalSection
	GlobalSection(ExtensibilityGlobals) = postSolution
		SolutionGuid = {42F2E309-B4AE-4C46-ACC4-7CF7DB9407C1}
	EndGlobalSection
EndGlobal
